{
    "name": "@quick-foot/eslint-config",
    "version": "0.0.1",
    "lockfileVersion": 1,
    "requires": true,
    "dependencies": {
        "@typescript-eslint/eslint-plugin": {
            "version": "1.4.1",
            "resolved": "https://registry.npmjs.org/@typescript-eslint/eslint-plugin/-/eslint-plugin-1.4.1.tgz",
            "integrity": "sha512-+7wRNSKK+flJR0pOcGuTP2QwoJYJ91jdZV8Hm0IwVAWTqww8Jt5sN7r/Mlf2oFmDcO8jpM3ajsZCHJ4MmBMRjA==",
            "dev": true,
            "requires": {
                "@typescript-eslint/parser": "1.4.1",
                "@typescript-eslint/typescript-estree": "1.4.1",
                "requireindex": "^1.2.0",
                "tsutils": "^3.7.0"
            }
        },
        "@typescript-eslint/parser": {
            "version": "1.4.1",
            "resolved": "https://registry.npmjs.org/@typescript-eslint/parser/-/parser-1.4.1.tgz",
            "integrity": "sha512-W+9qep7F4Rn5Eq8F2vkOGbxiy639quYBGvDO6c4p4kIYnKdWj1rBGh3PoyOlaA1v1Dttj23yCRl9Ca9NmdgWCQ==",
            "dev": true,
            "requires": {
                "@typescript-eslint/typescript-estree": "1.4.1",
                "eslint-scope": "^4.0.0",
                "eslint-visitor-keys": "^1.0.0"
            }
        },
        "@typescript-eslint/typescript-estree": {
            "version": "1.4.1",
            "resolved": "https://registry.npmjs.org/@typescript-eslint/typescript-estree/-/typescript-estree-1.4.1.tgz",
            "integrity": "sha512-23nw1CtVklWvkN9RotPjYqpVSzAoXtF9rdqGwyjJ4Bzd6q82CSXOQ+KBRnKePAcwJ2YtOlQQRi9lDX+DIdpCOA==",
            "dev": true,
            "requires": {
                "lodash.unescape": "4.0.1",
                "semver": "5.5.0"
            }
        },
        "eslint-config-prettier": {
            "version": "4.0.0",
            "resolved": "https://registry.npmjs.org/eslint-config-prettier/-/eslint-config-prettier-4.0.0.tgz",
            "integrity": "sha512-kWuiJxzV5NwOwZcpyozTzDT5KJhBw292bbYro9Is7BWnbNMg15Gmpluc1CTetiCatF8DRkNvgPAOaSyg+bYr3g==",
            "dev": true,
            "requires": {
                "get-stdin": "^6.0.0"
            }
        },
        "eslint-scope": {
            "version": "4.0.0",
            "resolved": "https://registry.npmjs.org/eslint-scope/-/eslint-scope-4.0.0.tgz",
            "integrity": "sha512-1G6UTDi7Jc1ELFwnR58HV4fK9OQK4S6N985f166xqXxpjU6plxFISJa2Ba9KCQuFa8RCnj/lSFJbHo7UFDBnUA==",
            "dev": true,
            "requires": {
                "esrecurse": "^4.1.0",
                "estraverse": "^4.1.1"
            }
        },
        "eslint-visitor-keys": {
            "version": "1.0.0",
            "resolved": "https://registry.npmjs.org/eslint-visitor-keys/-/eslint-visitor-keys-1.0.0.tgz",
            "integrity": "sha512-qzm/XxIbxm/FHyH341ZrbnMUpe+5Bocte9xkmFMzPMjRaZMcXww+MpBptFvtU+79L362nqiLhekCxCxDPaUMBQ==",
            "dev": true
        },
        "esrecurse": {
            "version": "4.2.1",
            "resolved": "https://registry.npmjs.org/esrecurse/-/esrecurse-4.2.1.tgz",
            "integrity": "sha512-64RBB++fIOAXPw3P9cy89qfMlvZEXZkqqJkjqqXIvzP5ezRZjW+lPWjw35UX/3EhUPFYbg5ER4JYgDw4007/DQ==",
            "dev": true,
            "requires": {
                "estraverse": "^4.1.0"
            }
        },
        "estraverse": {
            "version": "4.2.0",
            "resolved": "https://registry.npmjs.org/estraverse/-/estraverse-4.2.0.tgz",
            "integrity": "sha1-De4/7TH81GlhjOc0IJn8GvoL2xM=",
            "dev": true
        },
        "get-stdin": {
            "version": "6.0.0",
            "resolved": "https://registry.npmjs.org/get-stdin/-/get-stdin-6.0.0.tgz",
            "integrity": "sha512-jp4tHawyV7+fkkSKyvjuLZswblUtz+SQKzSWnBbii16BuZksJlU1wuBYXY75r+duh/llF1ur6oNwi+2ZzjKZ7g==",
            "dev": true
        },
        "lodash.unescape": {
            "version": "4.0.1",
            "resolved": "https://registry.npmjs.org/lodash.unescape/-/lodash.unescape-4.0.1.tgz",
            "integrity": "sha1-vyJJiGzlFM2hEvrpIYzcBlIR/Jw=",
            "dev": true
        },
        "prettier": {
            "version": "1.16.4",
            "resolved": "https://registry.npmjs.org/prettier/-/prettier-1.16.4.tgz",
            "integrity": "sha512-ZzWuos7TI5CKUeQAtFd6Zhm2s6EpAD/ZLApIhsF9pRvRtM1RFo61dM/4MSRUA0SuLugA/zgrZD8m0BaY46Og7g==",
            "dev": true
        },
        "requireindex": {
            "version": "1.2.0",
            "resolved": "https://registry.npmjs.org/requireindex/-/requireindex-1.2.0.tgz",
            "integrity": "sha512-L9jEkOi3ASd9PYit2cwRfyppc9NoABujTP8/5gFcbERmo5jUoAKovIC3fsF17pkTnGsrByysqX+Kxd2OTNI1ww==",
            "dev": true
        },
        "semver": {
            "version": "5.5.0",
            "resolved": "https://registry.npmjs.org/semver/-/semver-5.5.0.tgz",
            "integrity": "sha512-4SJ3dm0WAwWy/NVeioZh5AntkdJoWKxHxcmyP622fOkgHa4z3R0TdBJICINyaSDE6uNwVc8gZr+ZinwZAH4xIA==",
            "dev": true
        },
        "tslib": {
            "version": "1.9.3",
            "resolved": "https://registry.npmjs.org/tslib/-/tslib-1.9.3.tgz",
            "integrity": "sha512-4krF8scpejhaOgqzBEcGM7yDIEfi0/8+8zDRZhNZZ2kjmHJ4hv3zCbQWxoJGz1iw5U0Jl0nma13xzHXcncMavQ==",
            "dev": true
        },
        "tsutils": {
            "version": "3.8.0",
            "resolved": "https://registry.npmjs.org/tsutils/-/tsutils-3.8.0.tgz",
            "integrity": "sha512-XQdPhgcoTbCD8baXC38PQ0vpTZ8T3YrE+vR66YIj/xvDt1//8iAhafpIT/4DmvzzC1QFapEImERu48Pa01dIUA==",
            "dev": true,
            "requires": {
                "tslib": "^1.8.1"
            }
        },
        "typescript": {
            "version": "3.3.3333",
            "resolved": "https://registry.npmjs.org/typescript/-/typescript-3.3.3333.tgz",
            "integrity": "sha512-JjSKsAfuHBE/fB2oZ8NxtRTk5iGcg6hkYXMnZ3Wc+b2RSqejEqTaem11mHASMnFilHrax3sLK0GDzcJrekZYLw==",
            "dev": true
        }
    }
}
